
Microsoft Visual Studio Solution File, Format Version 12.00
# Visual Studio Version 17
VisualStudioVersion = 17.8.34330.188
MinimumVisualStudioVersion = 10.0.40219.1
Project("{FAE04EC0-301F-11D3-BF4B-00C04F79EFBC}") = "WebApiEMS Full Stack App-Requirement", "WebApiEMS Full Stack App-Requirement\WebApiEMS Full Stack App-Requirement.csproj", "{DF7BE08D-7BB0-45D0-B1D7-BB220495D3E9}"
EndProject
Global
	GlobalSection(SolutionConfigurationPlatforms) = preSolution
		Debug|Any CPU = Debug|Any CPU
		Release|Any CPU = Release|Any CPU
	EndGlobalSection
	GlobalSection(ProjectConfigurationPlatforms) = postSolution
		{DF7BE08D-7BB0-45D0-B1D7-BB220495D3E9}.Debug|Any CPU.ActiveCfg = Debug|Any CPU
		{DF7BE08D-7BB0-45D0-B1D7-BB220495D3E9}.Debug|Any CPU.Build.0 = Debug|Any CPU
		{DF7BE08D-7BB0-45D0-B1D7-BB220495D3E9}.Release|Any CPU.ActiveCfg = Release|Any CPU
		{DF7BE08D-7BB0-45D0-B1D7-BB220495D3E9}.Release|Any CPU.Build.0 = Release|Any CPU
	EndGlobalSection
	GlobalSection(SolutionProperties) = preSolution
		HideSolutionNode = FALSE
	EndGlobalSection
	GlobalSection(ExtensibilityGlobals) = postSolution
		SolutionGuid = {34122EE9-53E1-42AF-8277-E789D2F65D67}
	EndGlobalSection
EndGlobal
